[[package]]
name = "algopy"
version = "0.5.7"
description = "ALGOPY: Taylor Arithmetic Computation and Algorithmic Differentiation"
category = "main"
optional = false
python-versions = "*"

[[package]]
name = "atomicwrites"
version = "1.4.0"
description = "Atomic file writes."
category = "main"
optional = false
python-versions = ">=2.7, !=3.0.*, !=3.1.*, !=3.2.*, !=3.3.*"

[[package]]
name = "attrs"
version = "21.2.0"
description = "Classes Without Boilerplate"
category = "main"
optional = false
python-versions = ">=2.7, !=3.0.*, !=3.1.*, !=3.2.*, !=3.3.*, !=3.4.*"

[package.extras]
dev = ["coverage[toml] (>=5.0.2)", "hypothesis", "pympler", "pytest (>=4.3.0)", "six", "mypy", "pytest-mypy-plugins", "zope.interface", "furo", "sphinx", "sphinx-notfound-page", "pre-commit"]
docs = ["furo", "sphinx", "zope.interface", "sphinx-notfound-page"]
tests = ["coverage[toml] (>=5.0.2)", "hypothesis", "pympler", "pytest (>=4.3.0)", "six", "mypy", "pytest-mypy-plugins", "zope.interface"]
tests_no_zope = ["coverage[toml] (>=5.0.2)", "hypothesis", "pympler", "pytest (>=4.3.0)", "six", "mypy", "pytest-mypy-plugins"]

[[package]]
name = "colorama"
version = "0.4.4"
description = "Cross-platform colored terminal text."
category = "main"
optional = false
python-versions = ">=2.7, !=3.0.*, !=3.1.*, !=3.2.*, !=3.3.*, !=3.4.*"

[[package]]
name = "gurobipy"
version = "9.1.2"
description = "Python interface to Gurobi"
category = "main"
optional = false
python-versions = "*"

[[package]]
name = "importlib-metadata"
version = "4.8.2"
description = "Read metadata from Python packages"
category = "main"
optional = false
python-versions = ">=3.6"

[package.dependencies]
typing-extensions = {version = ">=3.6.4", markers = "python_version < \"3.8\""}
zipp = ">=0.5"

[package.extras]
docs = ["sphinx", "jaraco.packaging (>=8.2)", "rst.linker (>=1.9)"]
perf = ["ipython"]
testing = ["pytest (>=6)", "pytest-checkdocs (>=2.4)", "pytest-flake8", "pytest-cov", "pytest-enabler (>=1.0.1)", "packaging", "pep517", "pyfakefs", "flufl.flake8", "pytest-perf (>=0.9.2)", "pytest-black (>=0.3.7)", "pytest-mypy", "importlib-resources (>=1.3)"]

[[package]]
name = "iniconfig"
version = "1.1.1"
description = "iniconfig: brain-dead simple config-ini parsing"
category = "main"
optional = false
python-versions = "*"

[[package]]
name = "numdifftools"
version = "0.9.40"
description = "Solves automatic numerical differentiation problems in one or more variables."
category = "main"
optional = false
python-versions = "*"

[package.dependencies]
algopy = ">=0.4"
numpy = ">=1.9"
scipy = ">=0.8"
statsmodels = ">=0.6"

[package.extras]
build_sphinx = ["sphinx (>=1.3.1)"]

[[package]]
name = "numpy"
version = "1.21.4"
description = "NumPy is the fundamental package for array computing with Python."
category = "main"
optional = false
python-versions = ">=3.7,<3.11"

[[package]]
name = "osqp"
version = "0.6.2.post0"
description = "OSQP: The Operator Splitting QP Solver"
category = "main"
optional = false
python-versions = "*"

[package.dependencies]
numpy = ">=1.7"
qdldl = "*"
scipy = ">=0.13.2"

[[package]]
name = "packaging"
version = "21.2"
description = "Core utilities for Python packages"
category = "main"
optional = false
python-versions = ">=3.6"

[package.dependencies]
pyparsing = ">=2.0.2,<3"

[[package]]
name = "pandas"
version = "1.1.5"
description = "Powerful data structures for data analysis, time series, and statistics"
category = "main"
optional = false
python-versions = ">=3.6.1"

[package.dependencies]
numpy = ">=1.15.4"
python-dateutil = ">=2.7.3"
pytz = ">=2017.2"

[package.extras]
test = ["pytest (>=4.0.2)", "pytest-xdist", "hypothesis (>=3.58)"]

[[package]]
name = "patsy"
version = "0.5.2"
description = "A Python package for describing statistical models and for building design matrices."
category = "main"
optional = false
python-versions = "*"

[package.dependencies]
numpy = ">=1.4"
six = "*"

[package.extras]
test = ["pytest", "pytest-cov", "scipy"]

[[package]]
name = "pluggy"
version = "1.0.0"
description = "plugin and hook calling mechanisms for python"
category = "main"
optional = false
python-versions = ">=3.6"

[package.dependencies]
importlib-metadata = {version = ">=0.12", markers = "python_version < \"3.8\""}

[package.extras]
dev = ["pre-commit", "tox"]
testing = ["pytest", "pytest-benchmark"]

[[package]]
name = "py"
version = "1.11.0"
description = "library with cross-python path, ini-parsing, io, code, log facilities"
category = "main"
optional = false
python-versions = ">=2.7, !=3.0.*, !=3.1.*, !=3.2.*, !=3.3.*, !=3.4.*"

[[package]]
name = "pyparsing"
version = "2.4.7"
description = "Python parsing module"
category = "main"
optional = false
python-versions = ">=2.6, !=3.0.*, !=3.1.*, !=3.2.*"

[[package]]
name = "pytest"
version = "6.2.5"
description = "pytest: simple powerful testing with Python"
category = "main"
optional = false
python-versions = ">=3.6"

[package.dependencies]
atomicwrites = {version = ">=1.0", markers = "sys_platform == \"win32\""}
attrs = ">=19.2.0"
colorama = {version = "*", markers = "sys_platform == \"win32\""}
importlib-metadata = {version = ">=0.12", markers = "python_version < \"3.8\""}
iniconfig = "*"
packaging = "*"
pluggy = ">=0.12,<2.0"
py = ">=1.8.2"
toml = "*"

[package.extras]
testing = ["argcomplete", "hypothesis (>=3.56)", "mock", "nose", "requests", "xmlschema"]

[[package]]
name = "python-dateutil"
version = "2.8.2"
description = "Extensions to the standard Python datetime module"
category = "main"
optional = false
python-versions = "!=3.0.*,!=3.1.*,!=3.2.*,>=2.7"

[package.dependencies]
six = ">=1.5"

[[package]]
name = "pytz"
version = "2021.3"
description = "World timezone definitions, modern and historical"
category = "main"
optional = false
python-versions = "*"

[[package]]
name = "qdldl"
version = "0.1.5.post0"
description = "QDLDL, a free LDL factorization routine."
category = "main"
optional = false
python-versions = "*"

[package.dependencies]
numpy = ">=1.7"
scipy = ">=0.13.2"

[[package]]
name = "scipy"
version = "1.7.2"
description = "SciPy: Scientific Library for Python"
category = "main"
optional = false
python-versions = ">=3.7,<3.11"

[package.dependencies]
numpy = ">=1.16.5,<1.23.0"

[[package]]
name = "six"
version = "1.16.0"
description = "Python 2 and 3 compatibility utilities"
category = "main"
optional = false
python-versions = ">=2.7, !=3.0.*, !=3.1.*, !=3.2.*"

[[package]]
name = "statsmodels"
version = "0.13.0"
description = "Statistical computations and models for Python"
category = "main"
optional = false
python-versions = ">=3.7"

[package.dependencies]
numpy = ">=1.17"
pandas = ">=0.25"
patsy = ">=0.5.2"
scipy = ">=1.3"

[package.extras]
build = ["cython (>=0.29.22)"]
develop = ["cython (>=0.29.22)"]
docs = ["sphinx", "nbconvert", "jupyter-client", "ipykernel", "matplotlib", "nbformat", "numpydoc", "pandas-datareader"]

[[package]]
name = "toml"
version = "0.10.2"
description = "Python Library for Tom's Obvious, Minimal Language"
category = "main"
optional = false
python-versions = ">=2.6, !=3.0.*, !=3.1.*, !=3.2.*"

[[package]]
name = "typing-extensions"
version = "3.10.0.2"
description = "Backported and Experimental Type Hints for Python 3.5+"
category = "main"
optional = false
python-versions = "*"

[[package]]
name = "zipp"
version = "3.6.0"
description = "Backport of pathlib-compatible object wrapper for zip files"
category = "main"
optional = false
python-versions = ">=3.6"

[package.extras]
docs = ["sphinx", "jaraco.packaging (>=8.2)", "rst.linker (>=1.9)"]
testing = ["pytest (>=4.6)", "pytest-checkdocs (>=2.4)", "pytest-flake8", "pytest-cov", "pytest-enabler (>=1.0.1)", "jaraco.itertools", "func-timeout", "pytest-black (>=0.3.7)", "pytest-mypy"]

[metadata]
lock-version = "1.1"
python-versions = ">=3.7,<3.11"
content-hash = "9dc5160359cf7958364a7fc6ed5c0044fea34202682a60ec8d025feb148d6270"

[metadata.files]
algopy = [
    {file = "algopy-0.5.7.zip", hash = "sha256:6955f676fce3858fa3585cb7f3f7e1796cb93377d24016419b6699291584b7df"},
]
atomicwrites = [
    {file = "atomicwrites-1.4.0-py2.py3-none-any.whl", hash = "sha256:6d1784dea7c0c8d4a5172b6c620f40b6e4cbfdf96d783691f2e1302a7b88e197"},
    {file = "atomicwrites-1.4.0.tar.gz", hash = "sha256:ae70396ad1a434f9c7046fd2dd196fc04b12f9e91ffb859164193be8b6168a7a"},
]
attrs = [
    {file = "attrs-21.2.0-py2.py3-none-any.whl", hash = "sha256:149e90d6d8ac20db7a955ad60cf0e6881a3f20d37096140088356da6c716b0b1"},
    {file = "attrs-21.2.0.tar.gz", hash = "sha256:ef6aaac3ca6cd92904cdd0d83f629a15f18053ec84e6432106f7a4d04ae4f5fb"},
]
colorama = [
    {file = "colorama-0.4.4-py2.py3-none-any.whl", hash = "sha256:9f47eda37229f68eee03b24b9748937c7dc3868f906e8ba69fbcbdd3bc5dc3e2"},
    {file = "colorama-0.4.4.tar.gz", hash = "sha256:5941b2b48a20143d2267e95b1c2a7603ce057ee39fd88e7329b0c292aa16869b"},
]
gurobipy = [
    {file = "gurobipy-9.1.2-cp27-cp27m-macosx_10_11_x86_64.whl", hash = "sha256:e6bd7a2fb76cdc13816b57c9b043889d93fba36ecc580e11f531578e86c4424b"},
    {file = "gurobipy-9.1.2-cp27-cp27m-manylinux1_x86_64.whl", hash = "sha256:6acd7c7a838558dd01bc9a8b526b28aa0d59a2b869825810a539bdd96203d269"},
    {file = "gurobipy-9.1.2-cp27-cp27m-win_amd64.whl", hash = "sha256:8bee9957935ee7131d4977642f1ce3e945d884322e7fd47cf131e828e9ab6725"},
    {file = "gurobipy-9.1.2-cp27-cp27mu-manylinux1_x86_64.whl", hash = "sha256:27d02f94c316a80c4fb4ff49cf577c25621dcafbace6bb3b079bd08fea007ef4"},
    {file = "gurobipy-9.1.2-cp36-cp36m-macosx_10_11_x86_64.whl", hash = "sha256:41b5d542d3caffef3fdc64cd3316c1b8989d342904ac7c758c0d895499574494"},
    {file = "gurobipy-9.1.2-cp36-cp36m-manylinux1_x86_64.whl", hash = "sha256:a5619b00a1e43eceb1f53b1686870bc7d21b468e6d60f75aca1c24ca1e78d2e8"},
    {file = "gurobipy-9.1.2-cp36-cp36m-win_amd64.whl", hash = "sha256:db64a4a915833e2d6d22351251b6fa44e09d2885c029bf5ae234fb03ebcc0802"},
    {file = "gurobipy-9.1.2-cp37-cp37m-macosx_10_11_x86_64.whl", hash = "sha256:2a35ffce70786d9b1d728a4a26a2a5648ff6846af73b1d5b667c98299cb4f77f"},
    {file = "gurobipy-9.1.2-cp37-cp37m-manylinux1_x86_64.whl", hash = "sha256:8dc3182471d256ef9dc0fbdcc3ac8bfc3089712e159543cfaf0a7c1e362dc2f6"},
    {file = "gurobipy-9.1.2-cp37-cp37m-win_amd64.whl", hash = "sha256:8e9a481ada1556fb20d69e542d28ec75e3d69336a24910bb59d5e6db58a17ad4"},
    {file = "gurobipy-9.1.2-cp38-cp38-macosx_10_11_x86_64.whl", hash = "sha256:2a74625ab120ef815fe5d87564a11aded3e09ea726e3188292dd7a7db75ad4fa"},
    {file = "gurobipy-9.1.2-cp38-cp38-manylinux1_x86_64.whl", hash = "sha256:436851683f83a68f850abc30fb34c750aa12986b8ccb6439b1b8b27e2c32494a"},
    {file = "gurobipy-9.1.2-cp38-cp38-win_amd64.whl", hash = "sha256:9283778c4ba124fc669ead86b5c30d587a3a72b3b24b4665002ede77ca54d054"},
    {file = "gurobipy-9.1.2-cp39-cp39-macosx_10_11_x86_64.whl", hash = "sha256:99db82d636a910c01feb90dafd6047ad489ab1cec8be7875764f2140bcd3e9eb"},
    {file = "gurobipy-9.1.2-cp39-cp39-macosx_10_9_universal2.whl", hash = "sha256:8c9b4af10e936c9bf2ae128bc65a09d52728e0b8a150addadcbf15392ec4a7e4"},
    {file = "gurobipy-9.1.2-cp39-cp39-manylinux1_x86_64.whl", hash = "sha256:b207e85954e8ffc59a8cefe3531c6cf7e230cd778ed08b9c6f625a25acb267d8"},
    {file = "gurobipy-9.1.2-cp39-cp39-win_amd64.whl", hash = "sha256:264a154baafee64913dc814bf057a5a542b6f8d90dbf4a0ab5f69a55acc105a0"},
]
importlib-metadata = [
    {file = "importlib_metadata-4.8.2-py3-none-any.whl", hash = "sha256:53ccfd5c134223e497627b9815d5030edf77d2ed573922f7a0b8f8bb81a1c100"},
    {file = "importlib_metadata-4.8.2.tar.gz", hash = "sha256:75bdec14c397f528724c1bfd9709d660b33a4d2e77387a3358f20b848bb5e5fb"},
]
iniconfig = [
    {file = "iniconfig-1.1.1-py2.py3-none-any.whl", hash = "sha256:011e24c64b7f47f6ebd835bb12a743f2fbe9a26d4cecaa7f53bc4f35ee9da8b3"},
    {file = "iniconfig-1.1.1.tar.gz", hash = "sha256:bc3af051d7d14b2ee5ef9969666def0cd1a000e121eaea580d4a313df4b37f32"},
]
numdifftools = [
    {file = "numdifftools-0.9.40-py2.py3-none-any.whl", hash = "sha256:57bb19ba0abc914ad8373ad48a1416f186bf0a24dc677f138350b26895301d40"},
    {file = "numdifftools-0.9.40.tar.gz", hash = "sha256:940692fd795e47083fad481d93c432b7fa9378758b5681dfc73a65152abfcd57"},
]
numpy = [
    {file = "numpy-1.21.4-cp310-cp310-macosx_10_9_universal2.whl", hash = "sha256:8890b3360f345e8360133bc078d2dacc2843b6ee6059b568781b15b97acbe39f"},
    {file = "numpy-1.21.4-cp310-cp310-macosx_10_9_x86_64.whl", hash = "sha256:69077388c5a4b997442b843dbdc3a85b420fb693ec8e33020bb24d647c164fa5"},
    {file = "numpy-1.21.4-cp310-cp310-macosx_11_0_arm64.whl", hash = "sha256:e89717274b41ebd568cd7943fc9418eeb49b1785b66031bc8a7f6300463c5898"},
    {file = "numpy-1.21.4-cp310-cp310-manylinux_2_17_aarch64.manylinux2014_aarch64.whl", hash = "sha256:0b78ecfa070460104934e2caf51694ccd00f37d5e5dbe76f021b1b0b0d221823"},
    {file = "numpy-1.21.4-cp310-cp310-manylinux_2_17_x86_64.manylinux2014_x86_64.whl", hash = "sha256:615d4e328af7204c13ae3d4df7615a13ff60a49cb0d9106fde07f541207883ca"},
    {file = "numpy-1.21.4-cp310-cp310-win_amd64.whl", hash = "sha256:1403b4e2181fc72664737d848b60e65150f272fe5a1c1cbc16145ed43884065a"},
    {file = "numpy-1.21.4-cp37-cp37m-macosx_10_9_x86_64.whl", hash = "sha256:74b85a17528ca60cf98381a5e779fc0264b4a88b46025e6bcbe9621f46bb3e63"},
    {file = "numpy-1.21.4-cp37-cp37m-manylinux_2_12_i686.manylinux2010_i686.whl", hash = "sha256:92aafa03da8658609f59f18722b88f0a73a249101169e28415b4fa148caf7e41"},
    {file = "numpy-1.21.4-cp37-cp37m-manylinux_2_12_x86_64.manylinux2010_x86_64.whl", hash = "sha256:5d95668e727c75b3f5088ec7700e260f90ec83f488e4c0aaccb941148b2cd377"},
    {file = "numpy-1.21.4-cp37-cp37m-manylinux_2_17_aarch64.manylinux2014_aarch64.whl", hash = "sha256:f5162ec777ba7138906c9c274353ece5603646c6965570d82905546579573f73"},
    {file = "numpy-1.21.4-cp37-cp37m-win32.whl", hash = "sha256:81225e58ef5fce7f1d80399575576fc5febec79a8a2742e8ef86d7b03beef49f"},
    {file = "numpy-1.21.4-cp37-cp37m-win_amd64.whl", hash = "sha256:32fe5b12061f6446adcbb32cf4060a14741f9c21e15aaee59a207b6ce6423469"},
    {file = "numpy-1.21.4-cp38-cp38-macosx_10_9_universal2.whl", hash = "sha256:c449eb870616a7b62e097982c622d2577b3dbc800aaf8689254ec6e0197cbf1e"},
    {file = "numpy-1.21.4-cp38-cp38-macosx_10_9_x86_64.whl", hash = "sha256:2e4ed57f45f0aa38beca2a03b6532e70e548faf2debbeb3291cfc9b315d9be8f"},
    {file = "numpy-1.21.4-cp38-cp38-macosx_11_0_arm64.whl", hash = "sha256:1247ef28387b7bb7f21caf2dbe4767f4f4175df44d30604d42ad9bd701ebb31f"},
    {file = "numpy-1.21.4-cp38-cp38-manylinux_2_12_i686.manylinux2010_i686.whl", hash = "sha256:34f3456f530ae8b44231c63082c8899fe9c983fd9b108c997c4b1c8c2d435333"},
    {file = "numpy-1.21.4-cp38-cp38-manylinux_2_12_x86_64.manylinux2010_x86_64.whl", hash = "sha256:4c9c23158b87ed0e70d9a50c67e5c0b3f75bcf2581a8e34668d4e9d7474d76c6"},
    {file = "numpy-1.21.4-cp38-cp38-manylinux_2_17_aarch64.manylinux2014_aarch64.whl", hash = "sha256:e4799be6a2d7d3c33699a6f77201836ac975b2e1b98c2a07f66a38f499cb50ce"},
    {file = "numpy-1.21.4-cp38-cp38-win32.whl", hash = "sha256:bc988afcea53e6156546e5b2885b7efab089570783d9d82caf1cfd323b0bb3dd"},
    {file = "numpy-1.21.4-cp38-cp38-win_amd64.whl", hash = "sha256:170b2a0805c6891ca78c1d96ee72e4c3ed1ae0a992c75444b6ab20ff038ba2cd"},
    {file = "numpy-1.21.4-cp39-cp39-macosx_10_9_universal2.whl", hash = "sha256:fde96af889262e85aa033f8ee1d3241e32bf36228318a61f1ace579df4e8170d"},
    {file = "numpy-1.21.4-cp39-cp39-macosx_10_9_x86_64.whl", hash = "sha256:c885bfc07f77e8fee3dc879152ba993732601f1f11de248d4f357f0ffea6a6d4"},
    {file = "numpy-1.21.4-cp39-cp39-macosx_11_0_arm64.whl", hash = "sha256:9e6f5f50d1eff2f2f752b3089a118aee1ea0da63d56c44f3865681009b0af162"},
    {file = "numpy-1.21.4-cp39-cp39-manylinux_2_12_i686.manylinux2010_i686.whl", hash = "sha256:ad010846cdffe7ec27e3f933397f8a8d6c801a48634f419e3d075db27acf5880"},
    {file = "numpy-1.21.4-cp39-cp39-manylinux_2_12_x86_64.manylinux2010_x86_64.whl", hash = "sha256:c74c699b122918a6c4611285cc2cad4a3aafdb135c22a16ec483340ef97d573c"},
    {file = "numpy-1.21.4-cp39-cp39-manylinux_2_17_aarch64.manylinux2014_aarch64.whl", hash = "sha256:9864424631775b0c052f3bd98bc2712d131b3e2cd95d1c0c68b91709170890b0"},
    {file = "numpy-1.21.4-cp39-cp39-win32.whl", hash = "sha256:b1e2312f5b8843a3e4e8224b2b48fe16119617b8fc0a54df8f50098721b5bed2"},
    {file = "numpy-1.21.4-cp39-cp39-win_amd64.whl", hash = "sha256:e3c3e990274444031482a31280bf48674441e0a5b55ddb168f3a6db3e0c38ec8"},
    {file = "numpy-1.21.4-pp37-pypy37_pp73-manylinux_2_12_x86_64.manylinux2010_x86_64.whl", hash = "sha256:a3deb31bc84f2b42584b8c4001c85d1934dbfb4030827110bc36bfd11509b7bf"},
    {file = "numpy-1.21.4.zip", hash = "sha256:e6c76a87633aa3fa16614b61ccedfae45b91df2767cf097aa9c933932a7ed1e0"},
]
osqp = [
    {file = "osqp-0.6.2.post0-cp35-cp35m-macosx_10_9_x86_64.whl", hash = "sha256:21047e9ceb4c2224ba15dd95f5125e2dcabd178aa93d8efa407e67216ea4fe62"},
    {file = "osqp-0.6.2.post0-cp35-cp35m-manylinux1_x86_64.whl", hash = "sha256:598a7bb1534a0ab69bcaf22d6e6c4ec042a41184f007c01b7fa863b528c6b61d"},
    {file = "osqp-0.6.2.post0-cp35-cp35m-manylinux2014_x86_64.whl", hash = "sha256:6b745ba55add8be63eaee059858b7c0cf59925074fcc8355c17c3863fad01a95"},
    {file = "osqp-0.6.2.post0-cp35-cp35m-win_amd64.whl", hash = "sha256:1104dd56d6bfe5ac5e5e076e1cf9e2be76932cadae4e0cfbdf495f3f43e4f8fa"},
    {file = "osqp-0.6.2.post0-cp36-cp36m-macosx_10_9_x86_64.whl", hash = "sha256:6f89feaf7c30dfb5031b370e8c45aed23a60d6471606bad9b7d23506ddf807e6"},
    {file = "osqp-0.6.2.post0-cp36-cp36m-manylinux1_x86_64.whl", hash = "sha256:198b66cbe9326ef181f7598856aae20dcc5b7824b119cc119b412206e858bc28"},
    {file = "osqp-0.6.2.post0-cp36-cp36m-manylinux2014_x86_64.whl", hash = "sha256:9aaecd3ed00a99d063e5bd45ebce965d1ebc8f4754d6c05ab5d31c3577a68513"},
    {file = "osqp-0.6.2.post0-cp36-cp36m-win_amd64.whl", hash = "sha256:2d150d880dc5bee015aadac6cff32ab0c2721cd4bb8a3f5b1f0cec819fe70b39"},
    {file = "osqp-0.6.2.post0-cp37-cp37m-macosx_10_9_x86_64.whl", hash = "sha256:20cd6a352694cc182bb79a8e19e4e03b7970ecb4b95d6abf86e3c578a45783a9"},
    {file = "osqp-0.6.2.post0-cp37-cp37m-manylinux1_x86_64.whl", hash = "sha256:96e42524dd156f62ac8e35d71831588acb2919b5ba27e0e695c757539708dfa5"},
    {file = "osqp-0.6.2.post0-cp37-cp37m-manylinux2014_x86_64.whl", hash = "sha256:d6dd2b70ffcee6089758518620087a5909a10621a59493be8ce0ef2a74502a27"},
    {file = "osqp-0.6.2.post0-cp37-cp37m-win_amd64.whl", hash = "sha256:7c9f7e661fe2da984eab6533a56b5366f10a7360a28b8dd18c222fcf6655e247"},
    {file = "osqp-0.6.2.post0-cp38-cp38-macosx_10_9_x86_64.whl", hash = "sha256:b102c26b2017b039032797a388548dcfe11dbd3d06b3294721fa65976fe1065e"},
    {file = "osqp-0.6.2.post0-cp38-cp38-manylinux1_x86_64.whl", hash = "sha256:a835746179c81944e51a6a2e0efb0aca66402be351af912bfd682527f15a35a7"},
    {file = "osqp-0.6.2.post0-cp38-cp38-manylinux2014_x86_64.whl", hash = "sha256:57f5026b91bb8f39059576c5ee50c0a1c2705d775a776e2e24be2aa47e63d8b0"},
    {file = "osqp-0.6.2.post0-cp38-cp38-win_amd64.whl", hash = "sha256:fb0d77e634362fe59ab2bedba3dde40d5357922e9719bcb4d16a99766cefd5a2"},
    {file = "osqp-0.6.2.post0-cp39-cp39-macosx_10_9_x86_64.whl", hash = "sha256:6e21463d97bcab58350a41a975e9e5e4a685087b6357899a58813d2238795315"},
    {file = "osqp-0.6.2.post0-cp39-cp39-manylinux1_x86_64.whl", hash = "sha256:02fdbabfffd72a8118328d117a83998800ca015182053fced9d5e8be6ffd702a"},
    {file = "osqp-0.6.2.post0-cp39-cp39-manylinux2014_x86_64.whl", hash = "sha256:b238b9049a29f6955f08567b285b0734dd578b529a3780d617854ffd91e5e4ed"},
    {file = "osqp-0.6.2.post0-cp39-cp39-win_amd64.whl", hash = "sha256:2c6cb14fd1365004d0e7a01f6101e16414a0348db736ee45aac8865fac165e57"},
    {file = "osqp-0.6.2.post0.tar.gz", hash = "sha256:5f0695f26a3bef0fae91254bc283fab790dcca0064bfe0f425167f9c9e8b4cbc"},
]
packaging = [
    {file = "packaging-21.2-py3-none-any.whl", hash = "sha256:14317396d1e8cdb122989b916fa2c7e9ca8e2be9e8060a6eff75b6b7b4d8a7e0"},
    {file = "packaging-21.2.tar.gz", hash = "sha256:096d689d78ca690e4cd8a89568ba06d07ca097e3306a4381635073ca91479966"},
]
pandas = [
    {file = "pandas-1.1.5-cp36-cp36m-macosx_10_9_x86_64.whl", hash = "sha256:bf23a3b54d128b50f4f9d4675b3c1857a688cc6731a32f931837d72effb2698d"},
    {file = "pandas-1.1.5-cp36-cp36m-manylinux1_i686.whl", hash = "sha256:5a780260afc88268a9d3ac3511d8f494fdcf637eece62fb9eb656a63d53eb7ca"},
    {file = "pandas-1.1.5-cp36-cp36m-manylinux1_x86_64.whl", hash = "sha256:b61080750d19a0122469ab59b087380721d6b72a4e7d962e4d7e63e0c4504814"},
    {file = "pandas-1.1.5-cp36-cp36m-manylinux2014_aarch64.whl", hash = "sha256:0de3ddb414d30798cbf56e642d82cac30a80223ad6fe484d66c0ce01a84d6f2f"},
    {file = "pandas-1.1.5-cp36-cp36m-win32.whl", hash = "sha256:70865f96bb38fec46f7ebd66d4b5cfd0aa6b842073f298d621385ae3898d28b5"},
    {file = "pandas-1.1.5-cp36-cp36m-win_amd64.whl", hash = "sha256:19a2148a1d02791352e9fa637899a78e371a3516ac6da5c4edc718f60cbae648"},
    {file = "pandas-1.1.5-cp37-cp37m-macosx_10_9_x86_64.whl", hash = "sha256:26fa92d3ac743a149a31b21d6f4337b0594b6302ea5575b37af9ca9611e8981a"},
    {file = "pandas-1.1.5-cp37-cp37m-manylinux1_i686.whl", hash = "sha256:c16d59c15d946111d2716856dd5479221c9e4f2f5c7bc2d617f39d870031e086"},
    {file = "pandas-1.1.5-cp37-cp37m-manylinux1_x86_64.whl", hash = "sha256:3be7a7a0ca71a2640e81d9276f526bca63505850add10206d0da2e8a0a325dae"},
    {file = "pandas-1.1.5-cp37-cp37m-manylinux2014_aarch64.whl", hash = "sha256:573fba5b05bf2c69271a32e52399c8de599e4a15ab7cec47d3b9c904125ab788"},
    {file = "pandas-1.1.5-cp37-cp37m-win32.whl", hash = "sha256:21b5a2b033380adbdd36b3116faaf9a4663e375325831dac1b519a44f9e439bb"},
    {file = "pandas-1.1.5-cp37-cp37m-win_amd64.whl", hash = "sha256:24c7f8d4aee71bfa6401faeba367dd654f696a77151a8a28bc2013f7ced4af98"},
    {file = "pandas-1.1.5-cp38-cp38-macosx_10_9_x86_64.whl", hash = "sha256:2860a97cbb25444ffc0088b457da0a79dc79f9c601238a3e0644312fcc14bf11"},
    {file = "pandas-1.1.5-cp38-cp38-manylinux1_i686.whl", hash = "sha256:5008374ebb990dad9ed48b0f5d0038124c73748f5384cc8c46904dace27082d9"},
    {file = "pandas-1.1.5-cp38-cp38-manylinux1_x86_64.whl", hash = "sha256:2c2f7c670ea4e60318e4b7e474d56447cf0c7d83b3c2a5405a0dbb2600b9c48e"},
    {file = "pandas-1.1.5-cp38-cp38-manylinux2014_aarch64.whl", hash = "sha256:0a643bae4283a37732ddfcecab3f62dd082996021b980f580903f4e8e01b3c5b"},
    {file = "pandas-1.1.5-cp38-cp38-win32.whl", hash = "sha256:5447ea7af4005b0daf695a316a423b96374c9c73ffbd4533209c5ddc369e644b"},
    {file = "pandas-1.1.5-cp38-cp38-win_amd64.whl", hash = "sha256:4c62e94d5d49db116bef1bd5c2486723a292d79409fc9abd51adf9e05329101d"},
    {file = "pandas-1.1.5-cp39-cp39-macosx_10_9_x86_64.whl", hash = "sha256:731568be71fba1e13cae212c362f3d2ca8932e83cb1b85e3f1b4dd77d019254a"},
    {file = "pandas-1.1.5-cp39-cp39-manylinux1_i686.whl", hash = "sha256:c61c043aafb69329d0f961b19faa30b1dab709dd34c9388143fc55680059e55a"},
    {file = "pandas-1.1.5-cp39-cp39-manylinux1_x86_64.whl", hash = "sha256:2b1c6cd28a0dfda75c7b5957363333f01d370936e4c6276b7b8e696dd500582a"},
    {file = "pandas-1.1.5-cp39-cp39-win32.whl", hash = "sha256:c94ff2780a1fd89f190390130d6d36173ca59fcfb3fe0ff596f9a56518191ccb"},
    {file = "pandas-1.1.5-cp39-cp39-win_amd64.whl", hash = "sha256:edda9bacc3843dfbeebaf7a701763e68e741b08fccb889c003b0a52f0ee95782"},
    {file = "pandas-1.1.5.tar.gz", hash = "sha256:f10fc41ee3c75a474d3bdf68d396f10782d013d7f67db99c0efbfd0acb99701b"},
]
patsy = [
    {file = "patsy-0.5.2-py2.py3-none-any.whl", hash = "sha256:cc80955ae8c13a7e7c4051eda7b277c8f909f50bc7d73e124bc38e2ee3d95041"},
    {file = "patsy-0.5.2.tar.gz", hash = "sha256:5053de7804676aba62783dbb0f23a2b3d74e35e5bfa238b88b7cbf148a38b69d"},
]
pluggy = [
    {file = "pluggy-1.0.0-py2.py3-none-any.whl", hash = "sha256:74134bbf457f031a36d68416e1509f34bd5ccc019f0bcc952c7b909d06b37bd3"},
    {file = "pluggy-1.0.0.tar.gz", hash = "sha256:4224373bacce55f955a878bf9cfa763c1e360858e330072059e10bad68531159"},
]
py = [
    {file = "py-1.11.0-py2.py3-none-any.whl", hash = "sha256:607c53218732647dff4acdfcd50cb62615cedf612e72d1724fb1a0cc6405b378"},
    {file = "py-1.11.0.tar.gz", hash = "sha256:51c75c4126074b472f746a24399ad32f6053d1b34b68d2fa41e558e6f4a98719"},
]
pyparsing = [
    {file = "pyparsing-2.4.7-py2.py3-none-any.whl", hash = "sha256:ef9d7589ef3c200abe66653d3f1ab1033c3c419ae9b9bdb1240a85b024efc88b"},
    {file = "pyparsing-2.4.7.tar.gz", hash = "sha256:c203ec8783bf771a155b207279b9bccb8dea02d8f0c9e5f8ead507bc3246ecc1"},
]
pytest = [
    {file = "pytest-6.2.5-py3-none-any.whl", hash = "sha256:7310f8d27bc79ced999e760ca304d69f6ba6c6649c0b60fb0e04a4a77cacc134"},
    {file = "pytest-6.2.5.tar.gz", hash = "sha256:131b36680866a76e6781d13f101efb86cf674ebb9762eb70d3082b6f29889e89"},
]
python-dateutil = [
    {file = "python-dateutil-2.8.2.tar.gz", hash = "sha256:0123cacc1627ae19ddf3c27a5de5bd67ee4586fbdd6440d9748f8abb483d3e86"},
    {file = "python_dateutil-2.8.2-py2.py3-none-any.whl", hash = "sha256:961d03dc3453ebbc59dbdea9e4e11c5651520a876d0f4db161e8674aae935da9"},
]
pytz = [
    {file = "pytz-2021.3-py2.py3-none-any.whl", hash = "sha256:3672058bc3453457b622aab7a1c3bfd5ab0bdae451512f6cf25f64ed37f5b87c"},
    {file = "pytz-2021.3.tar.gz", hash = "sha256:acad2d8b20a1af07d4e4c9d2e9285c5ed9104354062f275f3fcd88dcef4f1326"},
]
qdldl = [
    {file = "qdldl-0.1.5.post0-cp35-cp35m-macosx_10_9_x86_64.whl", hash = "sha256:787d59b4301608e96bdf32ab3a572d9f41b3ea08581774826720986e18da261e"},
    {file = "qdldl-0.1.5.post0-cp35-cp35m-manylinux2014_x86_64.whl", hash = "sha256:223dd49f4aa625c727c3053e9f62814fab2f929e0575b34dd1f38e66b536a849"},
    {file = "qdldl-0.1.5.post0-cp35-cp35m-win_amd64.whl", hash = "sha256:cd0090d5512a8e386534a755f9ebd8be82087d401746cebbfb9f9faa21073c39"},
    {file = "qdldl-0.1.5.post0-cp36-cp36m-macosx_10_9_x86_64.whl", hash = "sha256:3e5e2ee6b45dd655120ca8d6645331c800c494ce765bc0674714ba86e1ebec7d"},
    {file = "qdldl-0.1.5.post0-cp36-cp36m-manylinux2014_x86_64.whl", hash = "sha256:a2ab0d4618d5516101fc0ce99c873df61a085c3d7cb4d8347d5eca818795e48f"},
    {file = "qdldl-0.1.5.post0-cp36-cp36m-win_amd64.whl", hash = "sha256:ac7a2891628554de6260132fa090c5b00cf32ae083ece4991a43b887ec6f2114"},
    {file = "qdldl-0.1.5.post0-cp37-cp37m-macosx_10_9_x86_64.whl", hash = "sha256:817a226b2450e56c50f61a92b727c69f50a4d043876e5f1bcdff096c5a82bc37"},
    {file = "qdldl-0.1.5.post0-cp37-cp37m-manylinux2014_x86_64.whl", hash = "sha256:c10f91dda6a422a6d879668fd293132c8939431fffe64abd9700dce170a3aec4"},
    {file = "qdldl-0.1.5.post0-cp37-cp37m-win_amd64.whl", hash = "sha256:e70c57ea65d0bb09708bc9ecafd4fb4b797e64af4da475404e6bcf5a2cc92596"},
    {file = "qdldl-0.1.5.post0-cp38-cp38-macosx_10_9_x86_64.whl", hash = "sha256:64f531ef2a12cc77be85045cdffdb2fe339244c73fc07aebe49977541bfc7e79"},
    {file = "qdldl-0.1.5.post0-cp38-cp38-manylinux2014_x86_64.whl", hash = "sha256:cff34b89258a3c9b1b398f1c8eeb480a9c4ae2ba14c4ffc8c78cdb123dab11c6"},
    {file = "qdldl-0.1.5.post0-cp38-cp38-win_amd64.whl", hash = "sha256:3a7ec584aaddff7036d22013c911132572f3d59c65ec6bf7e32beb01765accc4"},
    {file = "qdldl-0.1.5.post0-cp39-cp39-macosx_10_9_x86_64.whl", hash = "sha256:a7c086ae21a2b2e43b31ac6a5024c79dadf16e7c3152eda9e3263cefe1675e26"},
    {file = "qdldl-0.1.5.post0-cp39-cp39-manylinux2014_x86_64.whl", hash = "sha256:2c09f4b1a1c6f3a0579af004443417e084491e7c844ff9fb73170bb5d43f70b5"},
    {file = "qdldl-0.1.5.post0-cp39-cp39-win_amd64.whl", hash = "sha256:640cab781f87c2f1c04ada65615b3d1d136d319c4595176f37e2e3c99149108f"},
    {file = "qdldl-0.1.5.post0.tar.gz", hash = "sha256:c392c7427651d8b226423c7aba4a0f2338a1f38a4bbdabac6bc4afd8bc934f06"},
]
scipy = [
    {file = "scipy-1.7.2-1-cp310-cp310-win_amd64.whl", hash = "sha256:dc2d1bf41294e63c7302bf499973ac0c7f73c93c01763db43055f6525234bf11"},
    {file = "scipy-1.7.2-cp310-cp310-macosx_10_9_x86_64.whl", hash = "sha256:97eb573e361a73a553b915dc195c6f72a08249964b1a33f157f9659f3b6210d1"},
    {file = "scipy-1.7.2-cp310-cp310-manylinux_2_17_aarch64.manylinux2014_aarch64.whl", hash = "sha256:359b60a0cccd17723b9d5e329a5212a710e771a3ddde800e472fb93732756c46"},
    {file = "scipy-1.7.2-cp310-cp310-manylinux_2_17_x86_64.manylinux2014_x86_64.whl", hash = "sha256:82c5befebf54d799d77e5f0205c03030f57f69ba2541baa44d2e6ad138c28cd3"},
    {file = "scipy-1.7.2-cp310-cp310-win_amd64.whl", hash = "sha256:54951f51d731c832b1b8885e0a92e89f33d087de7e40d02078bf0d49c7cbdbb5"},
    {file = "scipy-1.7.2-cp37-cp37m-macosx_10_9_x86_64.whl", hash = "sha256:30bdda199667e74b50208a793eb1ba47a04e5e3fa16f5ff06c6f7969ae78e4da"},
    {file = "scipy-1.7.2-cp37-cp37m-manylinux_2_12_i686.manylinux2010_i686.whl", hash = "sha256:e3efe7ef75dfe627b354ab0af0dbc918eadee97cc80ff1aabea6d3e01114ebdd"},
    {file = "scipy-1.7.2-cp37-cp37m-manylinux_2_12_x86_64.manylinux2010_x86_64.whl", hash = "sha256:17fd991a275e4283453f89d404209aa92059ac68d76d804b4bc1716a3742e1b5"},
    {file = "scipy-1.7.2-cp37-cp37m-manylinux_2_17_aarch64.manylinux2014_aarch64.whl", hash = "sha256:74f518ce542533054695f743e4271cb8986b63f95bb51d70fcee4f3929cbff7d"},
    {file = "scipy-1.7.2-cp37-cp37m-win32.whl", hash = "sha256:1437073f1d4664990879aa8f9547524764372e0fef84a077be4b19e82bba7a8d"},
    {file = "scipy-1.7.2-cp37-cp37m-win_amd64.whl", hash = "sha256:39f838ea5ce8da868785193d88d05cf5a6d5c390804ec99de29a28e1dcdd53e6"},
    {file = "scipy-1.7.2-cp38-cp38-macosx_10_9_x86_64.whl", hash = "sha256:e08b81fcd9bf98740b58dc6fdd7879e33a64dcb682201c1135f7d4a75216bb05"},
    {file = "scipy-1.7.2-cp38-cp38-manylinux_2_12_i686.manylinux2010_i686.whl", hash = "sha256:7b1d0f5f524518f1a86f288443528e4ff4a739c0966db663af4129b7ac7849f8"},
    {file = "scipy-1.7.2-cp38-cp38-manylinux_2_17_aarch64.manylinux2014_aarch64.whl", hash = "sha256:cac71d5476a6f56b50459da21f6221707e0051ebd428b2137db32ef4a43bb15e"},
    {file = "scipy-1.7.2-cp38-cp38-manylinux_2_17_x86_64.manylinux2014_x86_64.whl", hash = "sha256:4d175ba93e00d8eef8f7cd70d4d88a9106a86800c82ea03cf2268c36d6545483"},
    {file = "scipy-1.7.2-cp38-cp38-win32.whl", hash = "sha256:8b5726a0fedeaa6beb1095e4466998bdd1d1e960b28db9b5a16c89cbd7b2ebf1"},
    {file = "scipy-1.7.2-cp38-cp38-win_amd64.whl", hash = "sha256:8482c8e45857ab0a5446eb7460d2307a27cbbe659d6d2257820c6d6eb950fd0f"},
    {file = "scipy-1.7.2-cp39-cp39-macosx_10_9_x86_64.whl", hash = "sha256:1ea6233f5a365cb7945b4304bd06323ece3ece85d6a3fa8598d2f53e513467c9"},
    {file = "scipy-1.7.2-cp39-cp39-manylinux_2_12_i686.manylinux2010_i686.whl", hash = "sha256:d86abd1ddf421dea5e9cebfeb4de0d205b3dc04e78249afedba9c6c3b2227ff2"},
    {file = "scipy-1.7.2-cp39-cp39-manylinux_2_17_aarch64.manylinux2014_aarch64.whl", hash = "sha256:2d25272c03ee3c0fe5e0dff1bb7889280bb6c9e1766fa9c7bde81ad8a5f78694"},
    {file = "scipy-1.7.2-cp39-cp39-manylinux_2_17_x86_64.manylinux2014_x86_64.whl", hash = "sha256:5273d832fb9cd5724ee0d335c16a903b923441107dd973d27fc4293075a9f4e3"},
    {file = "scipy-1.7.2-cp39-cp39-win32.whl", hash = "sha256:87cf3964db0f1cce17aeed5bfc1b89a6b4b07dbfc48e50d21fa3549e00456803"},
    {file = "scipy-1.7.2-cp39-cp39-win_amd64.whl", hash = "sha256:a80eb01c43fd98257ec7a49ff5cec0edba32031b5f86503f55399a48cb2c5379"},
    {file = "scipy-1.7.2.tar.gz", hash = "sha256:fa2dbabaaecdb502641b0b3c00dec05fb475ae48655c66da16c9ed24eda1e711"},
]
six = [
    {file = "six-1.16.0-py2.py3-none-any.whl", hash = "sha256:8abb2f1d86890a2dfb989f9a77cfcfd3e47c2a354b01111771326f8aa26e0254"},
    {file = "six-1.16.0.tar.gz", hash = "sha256:1e61c37477a1626458e36f7b1d82aa5c9b094fa4802892072e49de9c60c4c926"},
]
statsmodels = [
    {file = "statsmodels-0.13.0-cp37-cp37m-macosx_10_15_x86_64.whl", hash = "sha256:905bfcedcada6e854f36b70e16e8982e0905268d0317d6a2309f0bf61f602483"},
    {file = "statsmodels-0.13.0-cp37-cp37m-manylinux_2_17_x86_64.manylinux2014_x86_64.whl", hash = "sha256:4ac2fe813c7e2cdd7f1b3a7e53494c70939c06970d475f11c5a1faae91efac48"},
    {file = "statsmodels-0.13.0-cp37-cp37m-manylinux_2_5_i686.manylinux1_i686.manylinux_2_17_i686.manylinux2014_i686.whl", hash = "sha256:3caf03a024987bb19ec198bb1bb67ab89bc8195e959a039e6f86050440085b1a"},
    {file = "statsmodels-0.13.0-cp37-none-win32.whl", hash = "sha256:b477063321088a92ff1e885f92d7f19b007026263d1af8779ba5c2a5d1b8ca3e"},
    {file = "statsmodels-0.13.0-cp37-none-win_amd64.whl", hash = "sha256:62e26636be704ac6601dea7ce44c5315a2f3a41862fc0ae6ee09b891098a8bab"},
    {file = "statsmodels-0.13.0-cp38-cp38-macosx_10_15_x86_64.whl", hash = "sha256:823710d235f00b31785c845d595c14a9cae00d6f4dda9d4a916f1b0fec699397"},
    {file = "statsmodels-0.13.0-cp38-cp38-manylinux_2_17_x86_64.manylinux2014_x86_64.whl", hash = "sha256:379b0116bc134a53e13d0fa0d12c7a06acca85c45502a2907d23c516e8252228"},
    {file = "statsmodels-0.13.0-cp38-none-win32.whl", hash = "sha256:73cd86493329dabf2961db48f64ecf9fe7bb019521eca7640c561c805eb22eeb"},
    {file = "statsmodels-0.13.0-cp38-none-win_amd64.whl", hash = "sha256:5de8c18e8cc64f1e582fdbce1a385c84dc0c60a717a2d54fec9407a6585e42ea"},
    {file = "statsmodels-0.13.0-cp39-cp39-macosx_10_15_x86_64.whl", hash = "sha256:ea512ccd29f61c8bfdf8b8ba18bfda179371922f7f9f4c0bb0b8e694944271b0"},
    {file = "statsmodels-0.13.0-cp39-cp39-manylinux_2_17_x86_64.manylinux2014_x86_64.whl", hash = "sha256:b29ab5b4f5f182afbf8c6e3889cfcd438887fdb59e2d5452d99c7154e8af3926"},
    {file = "statsmodels-0.13.0-cp39-cp39-manylinux_2_5_i686.manylinux1_i686.manylinux_2_17_i686.manylinux2014_i686.whl", hash = "sha256:2643cf99271c1dc9d61e6badb5d1f670e7bb2d0bc6aafd731b0e348a3aa78f63"},
    {file = "statsmodels-0.13.0-cp39-none-win32.whl", hash = "sha256:0cd0448d1f75048b74fc6ff80f0bc912512beba1cc2ebc77e71b3ffbacc3fdba"},
    {file = "statsmodels-0.13.0-cp39-none-win_amd64.whl", hash = "sha256:9fd7fed6e6f810bf0097737af9233c69019e6ef17f1ef469a0cb4c4ea451e8b2"},
    {file = "statsmodels-0.13.0.tar.gz", hash = "sha256:f2efc02011b7240a9e851acd76ab81150a07d35c97021cb0517887539a328f8a"},
]
toml = [
    {file = "toml-0.10.2-py2.py3-none-any.whl", hash = "sha256:806143ae5bfb6a3c6e736a764057db0e6a0e05e338b5630894a5f779cabb4f9b"},
    {file = "toml-0.10.2.tar.gz", hash = "sha256:b3bda1d108d5dd99f4a20d24d9c348e91c4db7ab1b749200bded2f839ccbe68f"},
]
typing-extensions = [
    {file = "typing_extensions-3.10.0.2-py2-none-any.whl", hash = "sha256:d8226d10bc02a29bcc81df19a26e56a9647f8b0a6d4a83924139f4a8b01f17b7"},
    {file = "typing_extensions-3.10.0.2-py3-none-any.whl", hash = "sha256:f1d25edafde516b146ecd0613dabcc61409817af4766fbbcfb8d1ad4ec441a34"},
    {file = "typing_extensions-3.10.0.2.tar.gz", hash = "sha256:49f75d16ff11f1cd258e1b988ccff82a3ca5570217d7ad8c5f48205dd99a677e"},
]
zipp = [
    {file = "zipp-3.6.0-py3-none-any.whl", hash = "sha256:9fe5ea21568a0a70e50f273397638d39b03353731e6cbbb3fd8502a33fec40bc"},
    {file = "zipp-3.6.0.tar.gz", hash = "sha256:71c644c5369f4a6e07636f0aa966270449561fcea2e3d6747b8d23efaa9d7832"},
]
